// !$*UTF8*$!
{
	archiveVersion = 1;
	classes = {
	};
	objectVersion = 46;
	objects = {

/* Begin PBXBuildFile section */
		FA23DF001A2E19EF008E8F7B /* MenuBackGround.png in Resources */ = {isa = PBXBuildFile; fileRef = FA23DEFF1A2E19EF008E8F7B /* MenuBackGround.png */; };
		FA23DF021A2E1A78008E8F7B /* Arial.ttf in Resources */ = {isa = PBXBuildFile; fileRef = FA23DF011A2E1A78008E8F7B /* Arial.ttf */; };
		FAB46CDD1A2BEE5400181DF8 /* ResourcePath.mm in Sources */ = {isa = PBXBuildFile; fileRef = FAB46CDC1A2BEE5400181DF8 /* ResourcePath.mm */; };
		FAB46CE01A2BEE5400181DF8 /* main.cpp in Sources */ = {isa = PBXBuildFile; fileRef = FAB46CDF1A2BEE5400181DF8 /* main.cpp */; };
		FAB46CF21A2BF1D700181DF8 /* Baurn_Moosader.png in Resources */ = {isa = PBXBuildFile; fileRef = FAB46CEF1A2BF1D700181DF8 /* Baurn_Moosader.png */; };
		FAB46CF41A2BF1D700181DF8 /* LegacyOfZudora_Moosader.png in Resources */ = {isa = PBXBuildFile; fileRef = FAB46CF11A2BF1D700181DF8 /* LegacyOfZudora_Moosader.png */; };
		FAB46CF71A2BF1EF00181DF8 /* Game.cpp in Sources */ = {isa = PBXBuildFile; fileRef = FAB46CF51A2BF1EF00181DF8 /* Game.cpp */; };
		FAB46CFA1A2BF3BA00181DF8 /* System.cpp in Sources */ = {isa = PBXBuildFile; fileRef = FAB46CF81A2BF3BA00181DF8 /* System.cpp */; };
		FAB46D001A2BF9C700181DF8 /* Environment.cpp in Sources */ = {isa = PBXBuildFile; fileRef = FAB46CFE1A2BF9C700181DF8 /* Environment.cpp */; };
		FAB46D061A2BFE1D00181DF8 /* Back.png in Resources */ = {isa = PBXBuildFile; fileRef = FAB46D051A2BFE1D00181DF8 /* Back.png */; };
		FAC1894B1A2CC75D008D7CAD /* MainMenu.cpp in Sources */ = {isa = PBXBuildFile; fileRef = FAC189491A2CC75D008D7CAD /* MainMenu.cpp */; };
/* End PBXBuildFile section */

/* Begin PBXFileReference section */
		FA23DEFF1A2E19EF008E8F7B /* MenuBackGround.png */ = {isa = PBXFileReference; lastKnownFileType = image.png; path = MenuBackGround.png; sourceTree = "<group>"; };
		FA23DF011A2E1A78008E8F7B /* Arial.ttf */ = {isa = PBXFileReference; lastKnownFileType = file; path = Arial.ttf; sourceTree = "<group>"; };
		FAB46CD71A2BEE5400181DF8 /* Pickin' Sticks.app */ = {isa = PBXFileReference; explicitFileType = wrapper.application; includeInIndex = 0; path = "Pickin' Sticks.app"; sourceTree = BUILT_PRODUCTS_DIR; };
		FAB46CDB1A2BEE5400181DF8 /* Pickin' Sticks-Info.plist */ = {isa = PBXFileReference; lastKnownFileType = text.plist.xml; path = "Pickin' Sticks-Info.plist"; sourceTree = "<group>"; };
		FAB46CDC1A2BEE5400181DF8 /* ResourcePath.mm */ = {isa = PBXFileReference; lastKnownFileType = sourcecode.cpp.objcpp; path = ResourcePath.mm; sourceTree = "<group>"; };
		FAB46CDE1A2BEE5400181DF8 /* ResourcePath.hpp */ = {isa = PBXFileReference; lastKnownFileType = sourcecode.cpp.h; path = ResourcePath.hpp; sourceTree = "<group>"; };
		FAB46CDF1A2BEE5400181DF8 /* main.cpp */ = {isa = PBXFileReference; lastKnownFileType = sourcecode.cpp.cpp; path = main.cpp; sourceTree = "<group>"; };
		FAB46CEF1A2BF1D700181DF8 /* Baurn_Moosader.png */ = {isa = PBXFileReference; lastKnownFileType = image.png; path = Baurn_Moosader.png; sourceTree = "<group>"; };
		FAB46CF11A2BF1D700181DF8 /* LegacyOfZudora_Moosader.png */ = {isa = PBXFileReference; lastKnownFileType = image.png; path = LegacyOfZudora_Moosader.png; sourceTree = "<group>"; };
		FAB46CF51A2BF1EF00181DF8 /* Game.cpp */ = {isa = PBXFileReference; fileEncoding = 4; lastKnownFileType = sourcecode.cpp.cpp; path = Game.cpp; sourceTree = "<group>"; };
		FAB46CF61A2BF1EF00181DF8 /* Game.h */ = {isa = PBXFileReference; fileEncoding = 4; lastKnownFileType = sourcecode.c.h; path = Game.h; sourceTree = "<group>"; };
		FAB46CF81A2BF3BA00181DF8 /* System.cpp */ = {isa = PBXFileReference; fileEncoding = 4; lastKnownFileType = sourcecode.cpp.cpp; path = System.cpp; sourceTree = "<group>"; };
		FAB46CF91A2BF3BA00181DF8 /* System.h */ = {isa = PBXFileReference; fileEncoding = 4; lastKnownFileType = sourcecode.c.h; path = System.h; sourceTree = "<group>"; };
		FAB46CFE1A2BF9C700181DF8 /* Environment.cpp */ = {isa = PBXFileReference; fileEncoding = 4; lastKnownFileType = sourcecode.cpp.cpp; name = Environment.cpp; path = ../Environment.cpp; sourceTree = "<group>"; };
		FAB46CFF1A2BF9C700181DF8 /* Environment.h */ = {isa = PBXFileReference; fileEncoding = 4; lastKnownFileType = sourcecode.c.h; name = Environment.h; path = ../Environment.h; sourceTree = "<group>"; };
		FAB46D051A2BFE1D00181DF8 /* Back.png */ = {isa = PBXFileReference; lastKnownFileType = image.png; path = Back.png; sourceTree = "<group>"; };
		FAC189491A2CC75D008D7CAD /* MainMenu.cpp */ = {isa = PBXFileReference; fileEncoding = 4; lastKnownFileType = sourcecode.cpp.cpp; path = MainMenu.cpp; sourceTree = "<group>"; };
		FAC1894A1A2CC75D008D7CAD /* MainMenu.h */ = {isa = PBXFileReference; fileEncoding = 4; lastKnownFileType = sourcecode.c.h; path = MainMenu.h; sourceTree = "<group>"; };
/* End PBXFileReference section */

/* Begin PBXFrameworksBuildPhase section */
		FAB46CD31A2BEE5400181DF8 /* Frameworks */ = {
			isa = PBXFrameworksBuildPhase;
			buildActionMask = 2147483647;
			files = (
			);
			runOnlyForDeploymentPostprocessing = 0;
		};
/* End PBXFrameworksBuildPhase section */

/* Begin PBXGroup section */
		FAB46CCD1A2BEE5400181DF8 = {
			isa = PBXGroup;
			children = (
				FAB46CD91A2BEE5400181DF8 /* Pickin' Sticks */,
				FAB46CD81A2BEE5400181DF8 /* Products */,
			);
			sourceTree = "<group>";
		};
		FAB46CD81A2BEE5400181DF8 /* Products */ = {
			isa = PBXGroup;
			children = (
				FAB46CD71A2BEE5400181DF8 /* Pickin' Sticks.app */,
			);
			name = Products;
			sourceTree = "<group>";
		};
		FAB46CD91A2BEE5400181DF8 /* Pickin' Sticks */ = {
			isa = PBXGroup;
			children = (
				FAB46CDC1A2BEE5400181DF8 /* ResourcePath.mm */,
				FAB46CDE1A2BEE5400181DF8 /* ResourcePath.hpp */,
				FAB46CDF1A2BEE5400181DF8 /* main.cpp */,
				FAB46CF51A2BF1EF00181DF8 /* Game.cpp */,
				FAC189491A2CC75D008D7CAD /* MainMenu.cpp */,
				FAC1894A1A2CC75D008D7CAD /* MainMenu.h */,
				FAB46CF61A2BF1EF00181DF8 /* Game.h */,
				FAB46CFE1A2BF9C700181DF8 /* Environment.cpp */,
				FAB46CFF1A2BF9C700181DF8 /* Environment.h */,
				FAB46CF81A2BF3BA00181DF8 /* System.cpp */,
				FAB46CF91A2BF3BA00181DF8 /* System.h */,
				FAB46CE11A2BEE5400181DF8 /* Resources */,
				FAB46CDA1A2BEE5400181DF8 /* Supporting Files */,
			);
			path = "Pickin' Sticks";
			sourceTree = "<group>";
		};
		FAB46CDA1A2BEE5400181DF8 /* Supporting Files */ = {
			isa = PBXGroup;
			children = (
				FAB46CDB1A2BEE5400181DF8 /* Pickin' Sticks-Info.plist */,
			);
			name = "Supporting Files";
			sourceTree = "<group>";
		};
		FAB46CE11A2BEE5400181DF8 /* Resources */ = {
			isa = PBXGroup;
			children = (
				FA23DF011A2E1A78008E8F7B /* Arial.ttf */,
				FAB46D051A2BFE1D00181DF8 /* Back.png */,
				FA23DEFF1A2E19EF008E8F7B /* MenuBackGround.png */,
				FAB46CEF1A2BF1D700181DF8 /* Baurn_Moosader.png */,
				FAB46CF11A2BF1D700181DF8 /* LegacyOfZudora_Moosader.png */,
			);
			name = Resources;
			sourceTree = "<group>";
		};
/* End PBXGroup section */

/* Begin PBXNativeTarget section */
		FAB46CD61A2BEE5400181DF8 /* Pickin' Sticks */ = {
			isa = PBXNativeTarget;
			buildConfigurationList = FAB46CEC1A2BEE5400181DF8 /* Build configuration list for PBXNativeTarget "Pickin' Sticks" */;
			buildPhases = (
				FAB46CD21A2BEE5400181DF8 /* Sources */,
				FAB46CD31A2BEE5400181DF8 /* Frameworks */,
				FAB46CD41A2BEE5400181DF8 /* Resources */,
				FAB46CD51A2BEE5400181DF8 /* ShellScript */,
			);
			buildRules = (
			);
			dependencies = (
			);
			name = "Pickin' Sticks";
			productName = "Pickin' Sticks";
			productReference = FAB46CD71A2BEE5400181DF8 /* Pickin' Sticks.app */;
			productType = "com.apple.product-type.application";
		};
/* End PBXNativeTarget section */

/* Begin PBXProject section */
		FAB46CCE1A2BEE5400181DF8 /* Project object */ = {
			isa = PBXProject;
			attributes = {
				LastUpgradeCheck = 0610;
				ORGANIZATIONNAME = Alex;
				TargetAttributes = {
					FAB46CD61A2BEE5400181DF8 = {
						CreatedOnToolsVersion = 6.1;
					};
				};
			};
			buildConfigurationList = FAB46CD11A2BEE5400181DF8 /* Build configuration list for PBXProject "Pickin' Sticks" */;
			compatibilityVersion = "Xcode 3.2";
			developmentRegion = English;
			hasScannedForEncodings = 0;
			knownRegions = (
				en,
			);
			mainGroup = FAB46CCD1A2BEE5400181DF8;
			productRefGroup = FAB46CD81A2BEE5400181DF8 /* Products */;
			projectDirPath = "";
			projectRoot = "";
			targets = (
				FAB46CD61A2BEE5400181DF8 /* Pickin' Sticks */,
			);
		};
/* End PBXProject section */

/* Begin PBXResourcesBuildPhase section */
		FAB46CD41A2BEE5400181DF8 /* Resources */ = {
			isa = PBXResourcesBuildPhase;
			buildActionMask = 2147483647;
			files = (
				FAB46D061A2BFE1D00181DF8 /* Back.png in Resources */,
				FAB46CF41A2BF1D700181DF8 /* LegacyOfZudora_Moosader.png in Resources */,
				FA23DF001A2E19EF008E8F7B /* MenuBackGround.png in Resources */,
				FA23DF021A2E1A78008E8F7B /* Arial.ttf in Resources */,
				FAB46CF21A2BF1D700181DF8 /* Baurn_Moosader.png in Resources */,
			);
			runOnlyForDeploymentPostprocessing = 0;
		};
/* End PBXResourcesBuildPhase section */

/* Begin PBXShellScriptBuildPhase section */
		FAB46CD51A2BEE5400181DF8 /* ShellScript */ = {
			isa = PBXShellScriptBuildPhase;
			buildActionMask = 2147483647;
			files = (
			);
			inputPaths = (
			);
			outputPaths = (
			);
			runOnlyForDeploymentPostprocessing = 0;
			shellPath = /bin/sh;
			shellScript = "# This shell script simply copies required sfml dylibs/frameworks into the application bundle frameworks folder.\n# If you're using static libraries (which is not recommended) you should remove this script from your project.\n\n# Are we building a project that uses framework or dylibs ?\ncase \"$SFML_BINARY_TYPE\" in\n    DYLIBS)\n        frameworks=\"false\"\n        ;;\n    *)\n        frameworks=\"true\"\n        ;;\nesac\n\n# Echoes to stderr\nerror () # $* message to display\n{\n    echo $* 1>&2\n    exit 2\n}\n\nassert () # $1 is a boolean, $2...N is an error message\n{\n    if [ $# -lt 2 ]\n    then\n        error \"Internal error in assert : not enough args\"\n    fi\n\n    if [ $1 -ne 0 ]\n    then\n        shift\n        error \"$*\"\n    fi\n}\n\nforce_remove () # $1 is a path\n{\n    test $# -eq 1\n    assert $? \"force_remove() requires one parameter\"\n    rm -fr \"$1\"\n    assert $? \"couldn't remove $1\"\n}\n\ncopy () # $1 is a source, $2 is a destination\n{\n    test $# -eq 2\n    assert $? \"copy() requires two parameters\"\n    ditto \"$1\" \"$2\"\n    assert $? \"couldn't copy $1 to $2\"\n}\n\nrequire () # $1 is a SFML module like 'system' or 'audio'\n{\n    dest=\"$BUILT_PRODUCTS_DIR/$PRODUCT_NAME.app/Contents/Frameworks\"\n\n    if [ -z \"$1\" ]\n    then\n        error \"require() requires one parameter!\"\n    else\n        # clean potentially old stuff\n        force_remove \"$dest/libsfml-$1.2.dylib\"\n        force_remove \"$dest/libsfml-$1-d.2.dylib\"\n        force_remove \"$dest/sfml-$1.framework\"\n\n        # copy SFML libraries\n        if [ \"$frameworks\" = \"true\" ]\n        then\n            copy \"/Library/Frameworks/sfml-$1.framework\" \"$dest/sfml-$1.framework\"\n        elif [ \"$SFML_LINK_DYLIBS_SUFFIX\" = \"-d\" ]\n        then\n            copy \"/usr/local/lib/libsfml-$1-d.2.dylib\" \"$dest/libsfml-$1-d.2.dylib\"\n        else\n            copy \"/usr/local/lib/libsfml-$1.2.dylib\" \"$dest/libsfml-$1.2.dylib\"\n        fi\n\n        if [ \"$1\" = \"audio\" ]\n        then\n            # copy sndfile framework too\n            copy \"/Library/Frameworks/sndfile.framework\" \"$dest/sndfile.framework\"\n        fi\n\n        if [ \"$1\" = \"graphics\" ]\n        then\n            # copy freetype framework too\n            copy \"/Library/Frameworks/freetype.framework\" \"$dest/freetype.framework\"\n        fi\n    fi\n}\n\nif [ -n \"$SFML_SYSTEM\" ]\nthen\n    require \"system\"\nfi\n\nif [ -n \"$SFML_AUDIO\" ]\nthen\n    require \"audio\"\nfi\n\nif [ -n \"$SFML_NETWORK\" ]\nthen\n    require \"network\"\nfi\n\nif [ -n \"$SFML_WINDOW\" ]\nthen\n    require \"window\"\nfi\n\nif [ -n \"$SFML_GRAPHICS\" ]\nthen\n    require \"graphics\"\nfi\n\n                ";
		};
/* End PBXShellScriptBuildPhase section */

/* Begin PBXSourcesBuildPhase section */
		FAB46CD21A2BEE5400181DF8 /* Sources */ = {
			isa = PBXSourcesBuildPhase;
			buildActionMask = 2147483647;
			files = (
				FAB46CFA1A2BF3BA00181DF8 /* System.cpp in Sources */,
				FAC1894B1A2CC75D008D7CAD /* MainMenu.cpp in Sources */,
				FAB46CF71A2BF1EF00181DF8 /* Game.cpp in Sources */,
				FAB46D001A2BF9C700181DF8 /* Environment.cpp in Sources */,
				FAB46CE01A2BEE5400181DF8 /* main.cpp in Sources */,
				FAB46CDD1A2BEE5400181DF8 /* ResourcePath.mm in Sources */,
			);
			runOnlyForDeploymentPostprocessing = 0;
		};
/* End PBXSourcesBuildPhase section */

/* Begin XCBuildConfiguration section */
		FAB46CEA1A2BEE5400181DF8 /* Debug */ = {
			isa = XCBuildConfiguration;
			buildSettings = {
				ARCHS = "$(ARCHS_STANDARD_32_64_BIT)";
				CLANG_CXX_LANGUAGE_STANDARD = "c++0x";
				CLANG_CXX_LIBRARY = "libc++";
				CLANG_WARN_EMPTY_BODY = YES;
				CLANG_WARN__DUPLICATE_METHOD_MATCH = YES;
				FRAMEWORK_SEARCH_PATHS = (
					/Library/Frameworks/,
					"$(inherited)",
				);
				GCC_OPTIMIZATION_LEVEL = 0;
				GCC_PREPROCESSOR_DEFINITIONS = (
					"DEBUG=1",
					"$(inherited)",
				);
				GCC_VERSION = com.apple.compilers.llvm.clang.1_0;
				GCC_WARN_ABOUT_RETURN_TYPE = YES;
				GCC_WARN_UNINITIALIZED_AUTOS = YES;
				GCC_WARN_UNUSED_VARIABLE = YES;
				HEADER_SEARCH_PATHS = (
					/usr/local/include/,
					"$(inherited)",
				);
				LIBRARY_SEARCH_PATHS = (
					/usr/local/lib/,
					"$(inherited)",
				);
				ONLY_ACTIVE_ARCH = NO;
				OTHER_LDFLAGS = (
					"$(inherited)",
					"$(SFML_SYSTEM)",
					"$(SFML_WINDOW)",
					"$(SFML_GRAPHICS)",
					"$(SFML_AUDIO)",
					"$(SFML_NETWORK)",
				);
				SFML_AUDIO = "$(SFML_LINK_PREFIX) sfml-audio$(SFML_LINK_SUFFIX)";
				SFML_BINARY_TYPE = FRAMEWORKS;
				SFML_GRAPHICS = "$(SFML_LINK_PREFIX) sfml-graphics$(SFML_LINK_SUFFIX)";
				SFML_LINK_DYLIBS_PREFIX = "-l";
				SFML_LINK_DYLIBS_SUFFIX = "";
				SFML_LINK_FRAMEWORKS_PREFIX = "-framework";
				SFML_LINK_FRAMEWORKS_SUFFIX = "";
				SFML_LINK_PREFIX = "$(SFML_LINK_$(SFML_BINARY_TYPE)_PREFIX)";
				SFML_LINK_SUFFIX = "$(SFML_LINK_$(SFML_BINARY_TYPE)_SUFFIX)";
				SFML_NETWORK = "$(SFML_LINK_PREFIX) sfml-network$(SFML_LINK_SUFFIX)";
				SFML_SYSTEM = "$(SFML_LINK_PREFIX) sfml-system$(SFML_LINK_SUFFIX)";
				SFML_WINDOW = "$(SFML_LINK_PREFIX) sfml-window$(SFML_LINK_SUFFIX)";
				SUPPORTED_PLATFORMS = macosx;
			};
			name = Debug;
		};
		FAB46CEB1A2BEE5400181DF8 /* Release */ = {
			isa = XCBuildConfiguration;
			buildSettings = {
				ARCHS = "$(ARCHS_STANDARD_32_64_BIT)";
				CLANG_CXX_LANGUAGE_STANDARD = "c++0x";
				CLANG_CXX_LIBRARY = "libc++";
				CLANG_WARN_EMPTY_BODY = YES;
				CLANG_WARN__DUPLICATE_METHOD_MATCH = YES;
				COPY_PHASE_STRIP = YES;
				FRAMEWORK_SEARCH_PATHS = (
					/Library/Frameworks/,
					"$(inherited)",
				);
				GCC_VERSION = com.apple.compilers.llvm.clang.1_0;
				GCC_WARN_ABOUT_RETURN_TYPE = YES;
				GCC_WARN_UNINITIALIZED_AUTOS = YES;
				GCC_WARN_UNUSED_VARIABLE = YES;
				HEADER_SEARCH_PATHS = (
					/usr/local/include/,
					"$(inherited)",
				);
				LIBRARY_SEARCH_PATHS = (
					/usr/local/lib/,
					"$(inherited)",
				);
				ONLY_ACTIVE_ARCH = NO;
				OTHER_LDFLAGS = (
					"$(inherited)",
					"$(SFML_SYSTEM)",
					"$(SFML_WINDOW)",
					"$(SFML_GRAPHICS)",
					"$(SFML_AUDIO)",
					"$(SFML_NETWORK)",
				);
				SFML_AUDIO = "$(SFML_LINK_PREFIX) sfml-audio$(SFML_LINK_SUFFIX)";
				SFML_BINARY_TYPE = FRAMEWORKS;
				SFML_GRAPHICS = "$(SFML_LINK_PREFIX) sfml-graphics$(SFML_LINK_SUFFIX)";
				SFML_LINK_DYLIBS_PREFIX = "-l";
				SFML_LINK_DYLIBS_SUFFIX = "";
				SFML_LINK_FRAMEWORKS_PREFIX = "-framework";
				SFML_LINK_FRAMEWORKS_SUFFIX = "";
				SFML_LINK_PREFIX = "$(SFML_LINK_$(SFML_BINARY_TYPE)_PREFIX)";
				SFML_LINK_SUFFIX = "$(SFML_LINK_$(SFML_BINARY_TYPE)_SUFFIX)";
				SFML_NETWORK = "$(SFML_LINK_PREFIX) sfml-network$(SFML_LINK_SUFFIX)";
				SFML_SYSTEM = "$(SFML_LINK_PREFIX) sfml-system$(SFML_LINK_SUFFIX)";
				SFML_WINDOW = "$(SFML_LINK_PREFIX) sfml-window$(SFML_LINK_SUFFIX)";
				SUPPORTED_PLATFORMS = macosx;
			};
			name = Release;
		};
		FAB46CED1A2BEE5400181DF8 /* Debug */ = {
			isa = XCBuildConfiguration;
			buildSettings = {
				INFOPLIST_FILE = "Pickin' Sticks/Pickin' Sticks-Info.plist";
				PRODUCT_NAME = "$(TARGET_NAME)";
			};
			name = Debug;
		};
		FAB46CEE1A2BEE5400181DF8 /* Release */ = {
			isa = XCBuildConfiguration;
			buildSettings = {
				INFOPLIST_FILE = "Pickin' Sticks/Pickin' Sticks-Info.plist";
				PRODUCT_NAME = "$(TARGET_NAME)";
			};
			name = Release;
		};
/* End XCBuildConfiguration section */

/* Begin XCConfigurationList section */
		FAB46CD11A2BEE5400181DF8 /* Build configuration list for PBXProject "Pickin' Sticks" */ = {
			isa = XCConfigurationList;
			buildConfigurations = (
				FAB46CEA1A2BEE5400181DF8 /* Debug */,
				FAB46CEB1A2BEE5400181DF8 /* Release */,
			);
			defaultConfigurationIsVisible = 0;
			defaultConfigurationName = Release;
		};
		FAB46CEC1A2BEE5400181DF8 /* Build configuration list for PBXNativeTarget "Pickin' Sticks" */ = {
			isa = XCConfigurationList;
			buildConfigurations = (
				FAB46CED1A2BEE5400181DF8 /* Debug */,
				FAB46CEE1A2BEE5400181DF8 /* Release */,
			);
			defaultConfigurationIsVisible = 0;
			defaultConfigurationName = Release;
		};
/* End XCConfigurationList section */
	};
	rootObject = FAB46CCE1A2BEE5400181DF8 /* Project object */;
}
